lockfileVersion: '9.0'

settings:
  autoInstallPeers: true
  excludeLinksFromLockfile: false

importers:

  .:
    dependencies:
      '@popperjs/core':
        specifier: ^2.11.8
        version: 2.11.8
      bootstrap:
        specifier: ^5.3.8
        version: 5.3.8(@popperjs/core@2.11.8)
      bootstrap-icons:
        specifier: ^1.13.1
        version: 1.13.1
      chart.js:
        specifier: ^4.5.1
        version: 4.5.1
      chartjs-adapter-moment:
        specifier: ^1.0.1
        version: 1.0.1(chart.js@4.5.1)(moment@2.30.1)
      chartjs-plugin-annotation:
        specifier: ^3.1.0
        version: 3.1.0(chart.js@4.5.1)
      jquery:
        specifier: ^3.7.1
        version: 3.7.1
      moment:
        specifier: ^2.30.1
        version: 2.30.1

packages:

  '@kurkle/color@0.3.4':
    resolution: {integrity: sha512-M5UknZPHRu3DEDWoipU6sE8PdkZ6Z/S+v4dD+Ke8IaNlpdSQah50lz1KtcFBa2vsdOnwbbnxJwVM4wty6udA5w==}

  '@popperjs/core@2.11.8':
    resolution: {integrity: sha512-P1st0aksCrn9sGZhp8GMYwBnQsbvAWsZAX44oXNNvLHGqAOcoVxmjZiohstwQ7SqKnbR47akdNi+uleWD8+g6A==}

  bootstrap-icons@1.13.1:
    resolution: {integrity: sha512-ijombt4v6bv5CLeXvRWKy7CuM3TRTuPEuGaGKvTV5cz65rQSY8RQ2JcHt6b90cBBAC7s8fsf2EkQDldzCoXUjw==}

  bootstrap@5.3.8:
    resolution: {integrity: sha512-HP1SZDqaLDPwsNiqRqi5NcP0SSXciX2s9E+RyqJIIqGo+vJeN5AJVM98CXmW/Wux0nQ5L7jeWUdplCEf0Ee+tg==}
    peerDependencies:
      '@popperjs/core': ^2.11.8

  chart.js@4.5.1:
    resolution: {integrity: sha512-GIjfiT9dbmHRiYi6Nl2yFCq7kkwdkp1W/lp2J99rX0yo9tgJGn3lKQATztIjb5tVtevcBtIdICNWqlq5+E8/Pw==}
    engines: {pnpm: '>=8'}

  chartjs-adapter-moment@1.0.1:
    resolution: {integrity: sha512-Uz+nTX/GxocuqXpGylxK19YG4R3OSVf8326D+HwSTsNw1LgzyIGRo+Qujwro1wy6X+soNSnfj5t2vZ+r6EaDmA==}
    peerDependencies:
      chart.js: '>=3.0.0'
      moment: ^2.10.2

  chartjs-plugin-annotation@3.1.0:
    resolution: {integrity: sha512-EkAed6/ycXD/7n0ShrlT1T2Hm3acnbFhgkIEJLa0X+M6S16x0zwj1Fv4suv/2bwayCT3jGPdAtI9uLcAMToaQQ==}
    peerDependencies:
      chart.js: '>=4.0.0'

  jquery@3.7.1:
    resolution: {integrity: sha512-m4avr8yL8kmFN8psrbFFFmB/If14iN5o9nw/NgnnM+kybDJpRsAynV2BsfpTYrTRysYUdADVD7CkUUizgkpLfg==}

  moment@2.30.1:
    resolution: {integrity: sha512-uEmtNhbDOrWPFS+hdjFCBfy9f2YoyzRpwcl+DqpC6taX21FzsTLQVbMV/W7PzNSX6x/bhC1zA3c2UQ5NzH6how==}

snapshots:

  '@kurkle/color@0.3.4': {}

  '@popperjs/core@2.11.8': {}

  bootstrap-icons@1.13.1: {}

  bootstrap@5.3.8(@popperjs/core@2.11.8):
    dependencies:
      '@popperjs/core': 2.11.8

  chart.js@4.5.1:
    dependencies:
      '@kurkle/color': 0.3.4

  chartjs-adapter-moment@1.0.1(chart.js@4.5.1)(moment@2.30.1):
    dependencies:
      chart.js: 4.5.1
      moment: 2.30.1

  chartjs-plugin-annotation@3.1.0(chart.js@4.5.1):
    dependencies:
      chart.js: 4.5.1

  jquery@3.7.1: {}

  moment@2.30.1: {}
