lockfileVersion: '9.0'

settings:
  autoInstallPeers: true
  excludeLinksFromLockfile: false

importers:

  .:
    dependencies:
      '@popperjs/core':
        specifier: ^2.11.8
        version: 2.11.8
      bootstrap:
        specifier: ^5.3.6
        version: 5.3.6(@popperjs/core@2.11.8)
      bootstrap-icons:
        specifier: ^1.13.0
        version: 1.13.0
      chart.js:
        specifier: ^4.4.9
        version: 4.4.9
      chartjs-adapter-moment:
        specifier: ^1.0.1
        version: 1.0.1(chart.js@4.4.9)(moment@2.30.1)
      chartjs-plugin-annotation:
        specifier: ^3.1.0
        version: 3.1.0(chart.js@4.4.9)
      jquery:
        specifier: ^3.7.1
        version: 3.7.1
      moment:
        specifier: ^2.30.1
        version: 2.30.1

packages:

  '@kurkle/color@0.3.4':
    resolution: {integrity: sha512-M5UknZPHRu3DEDWoipU6sE8PdkZ6Z/S+v4dD+Ke8IaNlpdSQah50lz1KtcFBa2vsdOnwbbnxJwVM4wty6udA5w==}

  '@popperjs/core@2.11.8':
    resolution: {integrity: sha512-P1st0aksCrn9sGZhp8GMYwBnQsbvAWsZAX44oXNNvLHGqAOcoVxmjZiohstwQ7SqKnbR47akdNi+uleWD8+g6A==}

  bootstrap-icons@1.13.0:
    resolution: {integrity: sha512-GrQFQHRK2ZPeid7niIAaQb0bJhWB0P8aHAztp9dN+p+4eIX/DJxahLlt0jhov1ZSGfvF++LrltUmUC/eQ/B67A==}

  bootstrap@5.3.6:
    resolution: {integrity: sha512-jX0GAcRzvdwISuvArXn3m7KZscWWFAf1MKBcnzaN02qWMb3jpMoUX4/qgeiGzqyIb4ojulRzs89UCUmGcFSzTA==}
    peerDependencies:
      '@popperjs/core': ^2.11.8

  chart.js@4.4.9:
    resolution: {integrity: sha512-EyZ9wWKgpAU0fLJ43YAEIF8sr5F2W3LqbS40ZJyHIner2lY14ufqv2VMp69MAiZ2rpwxEUxEhIH/0U3xyRynxg==}
    engines: {pnpm: '>=8'}

  chartjs-adapter-moment@1.0.1:
    resolution: {integrity: sha512-Uz+nTX/GxocuqXpGylxK19YG4R3OSVf8326D+HwSTsNw1LgzyIGRo+Qujwro1wy6X+soNSnfj5t2vZ+r6EaDmA==}
    peerDependencies:
      chart.js: '>=3.0.0'
      moment: ^2.10.2

  chartjs-plugin-annotation@3.1.0:
    resolution: {integrity: sha512-EkAed6/ycXD/7n0ShrlT1T2Hm3acnbFhgkIEJLa0X+M6S16x0zwj1Fv4suv/2bwayCT3jGPdAtI9uLcAMToaQQ==}
    peerDependencies:
      chart.js: '>=4.0.0'

  jquery@3.7.1:
    resolution: {integrity: sha512-m4avr8yL8kmFN8psrbFFFmB/If14iN5o9nw/NgnnM+kybDJpRsAynV2BsfpTYrTRysYUdADVD7CkUUizgkpLfg==}

  moment@2.30.1:
    resolution: {integrity: sha512-uEmtNhbDOrWPFS+hdjFCBfy9f2YoyzRpwcl+DqpC6taX21FzsTLQVbMV/W7PzNSX6x/bhC1zA3c2UQ5NzH6how==}

snapshots:

  '@kurkle/color@0.3.4': {}

  '@popperjs/core@2.11.8': {}

  bootstrap-icons@1.13.0: {}

  bootstrap@5.3.6(@popperjs/core@2.11.8):
    dependencies:
      '@popperjs/core': 2.11.8

  chart.js@4.4.9:
    dependencies:
      '@kurkle/color': 0.3.4

  chartjs-adapter-moment@1.0.1(chart.js@4.4.9)(moment@2.30.1):
    dependencies:
      chart.js: 4.4.9
      moment: 2.30.1

  chartjs-plugin-annotation@3.1.0(chart.js@4.4.9):
    dependencies:
      chart.js: 4.4.9

  jquery@3.7.1: {}

  moment@2.30.1: {}
