# THIS IS AN AUTOGENERATED FILE. DO NOT EDIT THIS FILE DIRECTLY.
# yarn lockfile v1


"@popperjs/core@^2.11.6":
  version "2.11.6"
  resolved "https://registry.yarnpkg.com/@popperjs/core/-/core-2.11.6.tgz#cee20bd55e68a1720bdab363ecf0c821ded4cd45"
  integrity sha512-50/17A98tWUfQ176raKiOGXuYpLyyVMkxxG6oylzL3BPOlA6ADGdK7EYunSa4I064xerltq9TGXs8HmOk5E+vw==

bootstrap-icons@^1.9.1:
  version "1.9.1"
  resolved "https://registry.yarnpkg.com/bootstrap-icons/-/bootstrap-icons-1.9.1.tgz#cf22d91a25447645e45c49ebde4e56eafdfe761b"
  integrity sha512-d4ZkO30MIkAhQ2nNRJqKXJVEQorALGbLWTuRxyCTJF96lRIV6imcgMehWGJUiJMJhglN0o2tqLIeDnMdiQEE9g==

bootstrap@^5.2.1:
  version "5.2.1"
  resolved "https://registry.yarnpkg.com/bootstrap/-/bootstrap-5.2.1.tgz#45f97ff05cbe828bad807b014d8425f3aeb8ec3a"
  integrity sha512-UQi3v2NpVPEi1n35dmRRzBJFlgvWHYwyem6yHhuT6afYF+sziEt46McRbT//kVXZ7b1YUYEVGdXEH74Nx3xzGA==

chart.js@^3.9.1:
  version "3.9.1"
  resolved "https://registry.yarnpkg.com/chart.js/-/chart.js-3.9.1.tgz#3abf2c775169c4c71217a107163ac708515924b8"
  integrity sha512-Ro2JbLmvg83gXF5F4sniaQ+lTbSv18E+TIf2cOeiH1Iqd2PGFOtem+DUufMZsCJwFE7ywPOpfXFBwRTGq7dh6w==

chartjs-adapter-moment@^1.0.0:
  version "1.0.0"
  resolved "https://registry.yarnpkg.com/chartjs-adapter-moment/-/chartjs-adapter-moment-1.0.0.tgz#9174b1093c68bcfe285aff24f7388ad60d44e8f7"
  integrity sha512-PqlerEvQcc5hZLQ/NQWgBxgVQ4TRdvkW3c/t+SUEQSj78ia3hgLkf2VZ2yGJtltNbEEFyYGm+cA6XXevodYvWA==

chartjs-plugin-annotation@^2.0.1:
  version "2.0.1"
  resolved "https://registry.yarnpkg.com/chartjs-plugin-annotation/-/chartjs-plugin-annotation-2.0.1.tgz#faba89dac426b37af5b63b8353636ef03d13816c"
  integrity sha512-I+bbmiGuxW68DuhFuCS+oSJN4bzX9d3Z+xJ34+4YhrC68+fncRZgNARgJYqlkCD9s+JQohCkZ0iK/GNr+3Ug2A==

jquery@^3.6.1:
  version "3.6.1"
  resolved "https://registry.yarnpkg.com/jquery/-/jquery-3.6.1.tgz#fab0408f8b45fc19f956205773b62b292c147a16"
  integrity sha512-opJeO4nCucVnsjiXOE+/PcCgYw9Gwpvs/a6B1LL/lQhwWwpbVEVYDZ1FokFr8PRc7ghYlrFPuyHuiiDNTQxmcw==

moment@^2.29.4:
  version "2.29.4"
  resolved "https://registry.yarnpkg.com/moment/-/moment-2.29.4.tgz#3dbe052889fe7c1b2ed966fcb3a77328964ef108"
  integrity sha512-5LC9SOxjSc2HF6vO2CyuTDNivEdoz2IvyJJGj6X8DJ0eFyfszE0QiEd+iXmBvUP3WHxSjFH/vIsA0EN00cgr8w==
