# THIS IS AN AUTOGENERATED FILE. DO NOT EDIT THIS FILE DIRECTLY.
# yarn lockfile v1


"@kurkle/color@^0.3.0":
  version "0.3.1"
  resolved "https://registry.yarnpkg.com/@kurkle/color/-/color-0.3.1.tgz#ef72bc8022ccf77cdd2715097f062ee591ec145c"
  integrity sha512-hW0GwZj06z/ZFUW2Espl7toVDjghJN+EKqyXzPSV8NV89d5BYp5rRMBJoc+aUN0x5OXDMeRQHazejr2Xmqj2tw==

"@popperjs/core@^2.11.8":
  version "2.11.8"
  resolved "https://registry.yarnpkg.com/@popperjs/core/-/core-2.11.8.tgz#6b79032e760a0899cd4204710beede972a3a185f"
  integrity sha512-P1st0aksCrn9sGZhp8GMYwBnQsbvAWsZAX44oXNNvLHGqAOcoVxmjZiohstwQ7SqKnbR47akdNi+uleWD8+g6A==

bootstrap-icons@^1.10.5:
  version "1.10.5"
  resolved "https://registry.yarnpkg.com/bootstrap-icons/-/bootstrap-icons-1.10.5.tgz#5a1bbb1bb2212397d416587db1d422cc9501847c"
  integrity sha512-oSX26F37V7QV7NCE53PPEL45d7EGXmBgHG3pDpZvcRaKVzWMqIRL9wcqJUyEha1esFtM3NJzvmxFXDxjJYD0jQ==

bootstrap@^5.3.0:
  version "5.3.0"
  resolved "https://registry.yarnpkg.com/bootstrap/-/bootstrap-5.3.0.tgz#0718a7cc29040ee8dbf1bd652b896f3436a87c29"
  integrity sha512-UnBV3E3v4STVNQdms6jSGO2CvOkjUMdDAVR2V5N4uCMdaIkaQjbcEAMqRimDHIs4uqBYzDAKCQwCB+97tJgHQw==

chart.js@^4.3.1:
  version "4.3.1"
  resolved "https://registry.yarnpkg.com/chart.js/-/chart.js-4.3.1.tgz#b83ea014ff9f45e43bfd98ef2bdaba2a9aed8a16"
  integrity sha512-QHuISG3hTJ0ftq0I0f5jqH9mNVO9bqG8P+zvMOVslgKajQVvFEX7QAhYNJ+QEmw+uYTwo8XpTimaB82oeTWjxw==
  dependencies:
    "@kurkle/color" "^0.3.0"

chartjs-adapter-moment@^1.0.1:
  version "1.0.1"
  resolved "https://registry.yarnpkg.com/chartjs-adapter-moment/-/chartjs-adapter-moment-1.0.1.tgz#0f04c30d330b207c14bfb57dfaae9ce332f09102"
  integrity sha512-Uz+nTX/GxocuqXpGylxK19YG4R3OSVf8326D+HwSTsNw1LgzyIGRo+Qujwro1wy6X+soNSnfj5t2vZ+r6EaDmA==

chartjs-plugin-annotation@^3.0.1:
  version "3.0.1"
  resolved "https://registry.yarnpkg.com/chartjs-plugin-annotation/-/chartjs-plugin-annotation-3.0.1.tgz#4cf51d9797bf3202788ca0beae8694404621ad19"
  integrity sha512-hlIrXXKqSDgb+ZjVYHefmlZUXK8KbkCPiynSVrTb/HjTMkT62cOInaT1NTQCKtxKKOm9oHp958DY3RTAFKtkHg==

jquery@^3.7.0:
  version "3.7.0"
  resolved "https://registry.yarnpkg.com/jquery/-/jquery-3.7.0.tgz#fe2c01a05da500709006d8790fe21c8a39d75612"
  integrity sha512-umpJ0/k8X0MvD1ds0P9SfowREz2LenHsQaxSohMZ5OMNEU2r0tf8pdeEFTHMFxWVxKNyU9rTtK3CWzUCTKJUeQ==

moment@^2.29.4:
  version "2.29.4"
  resolved "https://registry.yarnpkg.com/moment/-/moment-2.29.4.tgz#3dbe052889fe7c1b2ed966fcb3a77328964ef108"
  integrity sha512-5LC9SOxjSc2HF6vO2CyuTDNivEdoz2IvyJJGj6X8DJ0eFyfszE0QiEd+iXmBvUP3WHxSjFH/vIsA0EN00cgr8w==
